
Microsoft Visual Studio Solution File, Format Version 12.00
# Visual Studio Version 16
VisualStudioVersion = 16.0.32929.386
MinimumVisualStudioVersion = 10.0.40219.1
Project("{FAE04EC0-301F-11D3-BF4B-00C04F79EFBC}") = "SmartphoneRecommendationSystem", "SmartphoneRecommendationSystem.csproj", "{9C3B02C1-4632-4F7B-9A34-1ABA6CB20AEE}"
EndProject
Global
	GlobalSection(SolutionConfigurationPlatforms) = preSolution
		Debug|Any CPU = Debug|Any CPU
		Release|Any CPU = Release|Any CPU
	EndGlobalSection
	GlobalSection(ProjectConfigurationPlatforms) = postSolution
		{9C3B02C1-4632-4F7B-9A34-1ABA6CB20AEE}.Debug|Any CPU.ActiveCfg = Debug|Any CPU
		{9C3B02C1-4632-4F7B-9A34-1ABA6CB20AEE}.Debug|Any CPU.Build.0 = Debug|Any CPU
		{9C3B02C1-4632-4F7B-9A34-1ABA6CB20AEE}.Release|Any CPU.ActiveCfg = Release|Any CPU
		{9C3B02C1-4632-4F7B-9A34-1ABA6CB20AEE}.Release|Any CPU.Build.0 = Release|Any CPU
	EndGlobalSection
	GlobalSection(SolutionProperties) = preSolution
		HideSolutionNode = FALSE
	EndGlobalSection
	GlobalSection(ExtensibilityGlobals) = postSolution
		SolutionGuid = {989A223C-7335-4AC6-A71F-6E886D11521E}
	EndGlobalSection
EndGlobal
